
Microsoft Visual Studio Solution File, Format Version 12.00
# Visual Studio Version 16
VisualStudioVersion = 16.0.29102.190
MinimumVisualStudioVersion = 10.0.40219.1
Project("{FAE04EC0-301F-11D3-BF4B-00C04F79EFBC}") = "ScholiaBackend2", "ScholiaBackend2\ScholiaBackend2.csproj", "{F26C0290-CC56-485B-AECB-0ED8D082DF23}"
EndProject
Project("{FAE04EC0-301F-11D3-BF4B-00C04F79EFBC}") = "Scholia.Services", "Scholia.Services\Scholia.Services.csproj", "{8A57F960-6549-4F47-801F-32FC7C91FBC4}"
EndProject
Global
	GlobalSection(SolutionConfigurationPlatforms) = preSolution
		Debug|Any CPU = Debug|Any CPU
		Release|Any CPU = Release|Any CPU
	EndGlobalSection
	GlobalSection(ProjectConfigurationPlatforms) = postSolution
		{F26C0290-CC56-485B-AECB-0ED8D082DF23}.Debug|Any CPU.ActiveCfg = Debug|Any CPU
		{F26C0290-CC56-485B-AECB-0ED8D082DF23}.Debug|Any CPU.Build.0 = Debug|Any CPU
		{F26C0290-CC56-485B-AECB-0ED8D082DF23}.Release|Any CPU.ActiveCfg = Release|Any CPU
		{F26C0290-CC56-485B-AECB-0ED8D082DF23}.Release|Any CPU.Build.0 = Release|Any CPU
		{8A57F960-6549-4F47-801F-32FC7C91FBC4}.Debug|Any CPU.ActiveCfg = Debug|Any CPU
		{8A57F960-6549-4F47-801F-32FC7C91FBC4}.Debug|Any CPU.Build.0 = Debug|Any CPU
		{8A57F960-6549-4F47-801F-32FC7C91FBC4}.Release|Any CPU.ActiveCfg = Release|Any CPU
		{8A57F960-6549-4F47-801F-32FC7C91FBC4}.Release|Any CPU.Build.0 = Release|Any CPU
	EndGlobalSection
	GlobalSection(SolutionProperties) = preSolution
		HideSolutionNode = FALSE
	EndGlobalSection
	GlobalSection(ExtensibilityGlobals) = postSolution
		SolutionGuid = {59329814-4B41-4A40-A275-F69F95DD780C}
	EndGlobalSection
EndGlobal
